[[package]]
name = "core"
source = "path+from-root-2E654A91A5A21ADE"

[[package]]
name = "example-contract"
source = "member"
dependencies = [
    "standards git+https://github.com/FuelLabs/sway-standards?default-branch#60a406e230de03986cbc354077b73e5c06a69b97",
    "std",
    "sway_libs",
]

[[package]]
name = "standards"
source = "git+https://github.com/FuelLabs/sway-standards?default-branch#60a406e230de03986cbc354077b73e5c06a69b97"
dependencies = ["std"]

[[package]]
name = "standards"
source = "git+https://github.com/FuelLabs/sway-standards?tag=v0.6.0#65e09f95ea8b9476b171a66c8a47108f352fa32c"
dependencies = ["std"]

[[package]]
name = "std"
source = "git+https://github.com/fuellabs/sway?tag=v0.66.6#986aee2c1e34c9cd958c81e7fd6b84638b26619b"
dependencies = ["core"]

[[package]]
name = "sway_libs"
source = "git+https://github.com/FuelLabs/sway-libs?tag=v0.24.2#55d503c50281e775655e00282064e629f357dcfc"
dependencies = [
    "standards git+https://github.com/FuelLabs/sway-standards?tag=v0.6.0#65e09f95ea8b9476b171a66c8a47108f352fa32c",
    "std",
]
