[[package]]
name = "core"
source = "path+from-root-2E654A91A5A21ADE"

[[package]]
name = "debbug-script"
source = "member"
dependencies = [
    "libraries",
    "std",
    "sway_libs",
]

[[package]]
name = "libraries"
source = "path+from-root-5DD3ECF89DA3E458"
dependencies = ["std"]

[[package]]
name = "standards"
source = "git+https://github.com/FuelLabs/sway-standards?tag=v0.6.0#65e09f95ea8b9476b171a66c8a47108f352fa32c"
dependencies = ["std"]

[[package]]
name = "std"
source = "git+https://github.com/fuellabs/sway?tag=v0.66.6#986aee2c1e34c9cd958c81e7fd6b84638b26619b"
dependencies = ["core"]

[[package]]
name = "sway_libs"
source = "git+https://github.com/FuelLabs/sway-libs?default-branch#06a01afc8e67f80135fe03b83aa9cf3218b6270d"
dependencies = [
    "standards",
    "std",
]
