[[package]]
name = "core"
source = "path+from-root-0F7AE5E23B79F5C1"

[[package]]
name = "debbug-script"
source = "member"
dependencies = [
    "libraries",
    "std",
    "sway_libs",
]

[[package]]
name = "libraries"
source = "path+from-root-5DD3ECF89DA3E458"
dependencies = ["std"]

[[package]]
name = "standards"
source = "git+https://github.com/FuelLabs/sway-standards?tag=v0.5.0#348f7175df4c012b23c86cdb18aab79025ca1f18"
dependencies = ["std"]

[[package]]
name = "std"
source = "git+https://github.com/fuellabs/sway?tag=v0.65.1#3a9c171cd43611d7ccad94ab66a5093c6634717b"
dependencies = ["core"]

[[package]]
name = "sway_libs"
source = "git+https://github.com/FuelLabs/sway-libs?tag=v0.23.0#9987d8ae11b1d82d42524794829c216b607916c5"
dependencies = [
    "standards",
    "std",
]
