[[package]]
name = "core"
source = "path+from-root-2E654A91A5A21ADE"

[[package]]
name = "debbug-script"
source = "member"
dependencies = [
    "libraries",
    "std",
]

[[package]]
name = "libraries"
source = "path+from-root-5DD3ECF89DA3E458"
dependencies = ["std"]

[[package]]
name = "std"
source = "git+https://github.com/fuellabs/sway?tag=v0.66.6#986aee2c1e34c9cd958c81e7fd6b84638b26619b"
dependencies = ["core"]
